
Microsoft Visual Studio Solution File, Format Version 12.00
# Visual Studio 2012
Project("{FAE04EC0-301F-11D3-BF4B-00C04F79EFBC}") = "Day01_0100", "Zhi\Day01_0100.csproj", "{4C287FE2-8FD4-4895-A82C-74DD6AB9F0A2}"
EndProject
Project("{FAE04EC0-301F-11D3-BF4B-00C04F79EFBC}") = "Day01_0200", "Day01_0200\Day01_0200.csproj", "{E97C2921-C3A8-4FAF-B3B9-8817F0AB5DD2}"
EndProject
Project("{FAE04EC0-301F-11D3-BF4B-00C04F79EFBC}") = "MyOffice", "MyOffice\MyOffice.csproj", "{DD2AECFD-A9B4-4B4E-AC03-3370ED5C9AD4}"
EndProject
Project("{FAE04EC0-301F-11D3-BF4B-00C04F79EFBC}") = "Day03_0100.0", "Day03_0100.0\Day03_0100.0.csproj", "{F187BB46-C588-439F-9A7B-0B4DF7751D0A}"
EndProject
Project("{FAE04EC0-301F-11D3-BF4B-00C04F79EFBC}") = "Day02_0400", "Day02_0400\Day02_0400.csproj", "{B6828080-CB2D-46CA-8545-6A3F7BBCBA15}"
EndProject
Project("{FAE04EC0-301F-11D3-BF4B-00C04F79EFBC}") = "Day02_0500", "Day02_0500\Day02_0500.csproj", "{78B66CF1-D5FC-4C5E-909F-D3D7C2EBEAA6}"
EndProject
Project("{FAE04EC0-301F-11D3-BF4B-00C04F79EFBC}") = "Day03_0600", "Day03_0600\Day03_0600.csproj", "{6673F6B8-E8C0-4DCF-B2CA-C8CEB04B0841}"
EndProject
Project("{FAE04EC0-301F-11D3-BF4B-00C04F79EFBC}") = "Day03_0700", "Day03_\Day03_0700.csproj", "{EE369E83-0646-42D4-A11C-BD21CE1EDDF0}"
EndProject
Project("{FAE04EC0-301F-11D3-BF4B-00C04F79EFBC}") = "Day06_0100", "Day06_0100\Day06_0100.csproj", "{72F439CA-8EE8-41F4-B0B1-B2888B83BF72}"
EndProject
Project("{FAE04EC0-301F-11D3-BF4B-00C04F79EFBC}") = "Day06_0200", "Day06_0200\Day06_0200.csproj", "{58654971-0D0D-4070-8D44-C9DC872B83A4}"
EndProject
Project("{FAE04EC0-301F-11D3-BF4B-00C04F79EFBC}") = "QiChe", "Vehicle\QiChe.csproj", "{81A21D04-02DE-48B3-A93E-7B6CBF45CC13}"
EndProject
Project("{FAE04EC0-301F-11D3-BF4B-00C04F79EFBC}") = "GongZuo", "GongZuo\GongZuo.csproj", "{12CCF067-4141-4EB1-9548-F4B93CAF4BC6}"
EndProject
Project("{FAE04EC0-301F-11D3-BF4B-00C04F79EFBC}") = "JIShuangQi", "JIShuangQi\JIShuangQi.csproj", "{CBF940D3-A003-49EB-B4EF-4B4C4439DE62}"
EndProject
Project("{FAE04EC0-301F-11D3-BF4B-00C04F79EFBC}") = "Day07_01000", "Day07_0100\Day07_01000.csproj", "{2E212C3B-024D-4D13-87B2-A454179E24FC}"
EndProject
Project("{FAE04EC0-301F-11D3-BF4B-00C04F79EFBC}") = "Day07_02000抽象", "Day07_0200抽象\Day07_02000抽象.csproj", "{3E54BAA0-BB5A-4CC5-9BF1-62BAED03E784}"
EndProject
Project("{FAE04EC0-301F-11D3-BF4B-00C04F79EFBC}") = "Day07_0300", "Day07_0300界面\Day07_0300.csproj", "{97189557-05DB-4765-960B-F2F7ED086686}"
EndProject
Project("{FAE04EC0-301F-11D3-BF4B-00C04F79EFBC}") = "Day07_04000", "Day07_04000\Day07_04000.csproj", "{2805B64B-AC37-4961-89F0-1C529FDE30B7}"
EndProject
Project("{FAE04EC0-301F-11D3-BF4B-00C04F79EFBC}") = "Day08_0100简单工厂", "Day08_0100简单工厂\Day08_0100简单工厂.csproj", "{9CC600F1-D72E-438C-8982-6F1A210D12D9}"
EndProject
Project("{FAE04EC0-301F-11D3-BF4B-00C04F79EFBC}") = "Day08_0200单列", "Day08_0200单列\Day08_0200单列.csproj", "{9ED64C88-A757-4019-91FD-E8CE43ABB5F1}"
EndProject
Project("{FAE04EC0-301F-11D3-BF4B-00C04F79EFBC}") = "Day08_0300XML", "Day08_0300XML\Day08_0300XML.csproj", "{29BBBF37-6114-4B05-B347-17B05204C808}"
EndProject
Project("{FAE04EC0-301F-11D3-BF4B-00C04F79EFBC}") = "Day", "Day\Day.csproj", "{CACACEED-57B5-4BD5-8A2A-E4089BF4417F}"
EndProject
Project("{FAE04EC0-301F-11D3-BF4B-00C04F79EFBC}") = "Day09_0100", "Day09_0100\Day09_0100.csproj", "{7E30534C-DAE7-43D9-851E-52A18998472C}"
EndProject
Project("{FAE04EC0-301F-11D3-BF4B-00C04F79EFBC}") = "Day09_0200递归", "Day09_0200递归\Day09_0200递归.csproj", "{3E878D8A-B794-42AE-9B6D-85BD92D4356C}"
EndProject
Project("{FAE04EC0-301F-11D3-BF4B-00C04F79EFBC}") = "Day10_0100", "Day10_0100\Day10_0100.csproj", "{48278559-8883-498D-BCD6-F19946288C8E}"
EndProject
Global
	GlobalSection(SolutionConfigurationPlatforms) = preSolution
		Debug|Any CPU = Debug|Any CPU
		Release|Any CPU = Release|Any CPU
	EndGlobalSection
	GlobalSection(ProjectConfigurationPlatforms) = postSolution
		{4C287FE2-8FD4-4895-A82C-74DD6AB9F0A2}.Debug|Any CPU.ActiveCfg = Debug|Any CPU
		{4C287FE2-8FD4-4895-A82C-74DD6AB9F0A2}.Debug|Any CPU.Build.0 = Debug|Any CPU
		{4C287FE2-8FD4-4895-A82C-74DD6AB9F0A2}.Release|Any CPU.ActiveCfg = Release|Any CPU
		{4C287FE2-8FD4-4895-A82C-74DD6AB9F0A2}.Release|Any CPU.Build.0 = Release|Any CPU
		{E97C2921-C3A8-4FAF-B3B9-8817F0AB5DD2}.Debug|Any CPU.ActiveCfg = Debug|Any CPU
		{E97C2921-C3A8-4FAF-B3B9-8817F0AB5DD2}.Debug|Any CPU.Build.0 = Debug|Any CPU
		{E97C2921-C3A8-4FAF-B3B9-8817F0AB5DD2}.Release|Any CPU.ActiveCfg = Release|Any CPU
		{E97C2921-C3A8-4FAF-B3B9-8817F0AB5DD2}.Release|Any CPU.Build.0 = Release|Any CPU
		{DD2AECFD-A9B4-4B4E-AC03-3370ED5C9AD4}.Debug|Any CPU.ActiveCfg = Debug|Any CPU
		{DD2AECFD-A9B4-4B4E-AC03-3370ED5C9AD4}.Debug|Any CPU.Build.0 = Debug|Any CPU
		{DD2AECFD-A9B4-4B4E-AC03-3370ED5C9AD4}.Release|Any CPU.ActiveCfg = Release|Any CPU
		{DD2AECFD-A9B4-4B4E-AC03-3370ED5C9AD4}.Release|Any CPU.Build.0 = Release|Any CPU
		{F187BB46-C588-439F-9A7B-0B4DF7751D0A}.Debug|Any CPU.ActiveCfg = Debug|Any CPU
		{F187BB46-C588-439F-9A7B-0B4DF7751D0A}.Debug|Any CPU.Build.0 = Debug|Any CPU
		{F187BB46-C588-439F-9A7B-0B4DF7751D0A}.Release|Any CPU.ActiveCfg = Release|Any CPU
		{F187BB46-C588-439F-9A7B-0B4DF7751D0A}.Release|Any CPU.Build.0 = Release|Any CPU
		{B6828080-CB2D-46CA-8545-6A3F7BBCBA15}.Debug|Any CPU.ActiveCfg = Debug|Any CPU
		{B6828080-CB2D-46CA-8545-6A3F7BBCBA15}.Debug|Any CPU.Build.0 = Debug|Any CPU
		{B6828080-CB2D-46CA-8545-6A3F7BBCBA15}.Release|Any CPU.ActiveCfg = Release|Any CPU
		{B6828080-CB2D-46CA-8545-6A3F7BBCBA15}.Release|Any CPU.Build.0 = Release|Any CPU
		{78B66CF1-D5FC-4C5E-909F-D3D7C2EBEAA6}.Debug|Any CPU.ActiveCfg = Debug|Any CPU
		{78B66CF1-D5FC-4C5E-909F-D3D7C2EBEAA6}.Debug|Any CPU.Build.0 = Debug|Any CPU
		{78B66CF1-D5FC-4C5E-909F-D3D7C2EBEAA6}.Release|Any CPU.ActiveCfg = Release|Any CPU
		{78B66CF1-D5FC-4C5E-909F-D3D7C2EBEAA6}.Release|Any CPU.Build.0 = Release|Any CPU
		{6673F6B8-E8C0-4DCF-B2CA-C8CEB04B0841}.Debug|Any CPU.ActiveCfg = Debug|Any CPU
		{6673F6B8-E8C0-4DCF-B2CA-C8CEB04B0841}.Debug|Any CPU.Build.0 = Debug|Any CPU
		{6673F6B8-E8C0-4DCF-B2CA-C8CEB04B0841}.Release|Any CPU.ActiveCfg = Release|Any CPU
		{6673F6B8-E8C0-4DCF-B2CA-C8CEB04B0841}.Release|Any CPU.Build.0 = Release|Any CPU
		{EE369E83-0646-42D4-A11C-BD21CE1EDDF0}.Debug|Any CPU.ActiveCfg = Debug|Any CPU
		{EE369E83-0646-42D4-A11C-BD21CE1EDDF0}.Debug|Any CPU.Build.0 = Debug|Any CPU
		{EE369E83-0646-42D4-A11C-BD21CE1EDDF0}.Release|Any CPU.ActiveCfg = Release|Any CPU
		{EE369E83-0646-42D4-A11C-BD21CE1EDDF0}.Release|Any CPU.Build.0 = Release|Any CPU
		{72F439CA-8EE8-41F4-B0B1-B2888B83BF72}.Debug|Any CPU.ActiveCfg = Debug|Any CPU
		{72F439CA-8EE8-41F4-B0B1-B2888B83BF72}.Debug|Any CPU.Build.0 = Debug|Any CPU
		{72F439CA-8EE8-41F4-B0B1-B2888B83BF72}.Release|Any CPU.ActiveCfg = Release|Any CPU
		{72F439CA-8EE8-41F4-B0B1-B2888B83BF72}.Release|Any CPU.Build.0 = Release|Any CPU
		{58654971-0D0D-4070-8D44-C9DC872B83A4}.Debug|Any CPU.ActiveCfg = Debug|Any CPU
		{58654971-0D0D-4070-8D44-C9DC872B83A4}.Debug|Any CPU.Build.0 = Debug|Any CPU
		{58654971-0D0D-4070-8D44-C9DC872B83A4}.Release|Any CPU.ActiveCfg = Release|Any CPU
		{58654971-0D0D-4070-8D44-C9DC872B83A4}.Release|Any CPU.Build.0 = Release|Any CPU
		{81A21D04-02DE-48B3-A93E-7B6CBF45CC13}.Debug|Any CPU.ActiveCfg = Debug|Any CPU
		{81A21D04-02DE-48B3-A93E-7B6CBF45CC13}.Debug|Any CPU.Build.0 = Debug|Any CPU
		{81A21D04-02DE-48B3-A93E-7B6CBF45CC13}.Release|Any CPU.ActiveCfg = Release|Any CPU
		{81A21D04-02DE-48B3-A93E-7B6CBF45CC13}.Release|Any CPU.Build.0 = Release|Any CPU
		{12CCF067-4141-4EB1-9548-F4B93CAF4BC6}.Debug|Any CPU.ActiveCfg = Debug|Any CPU
		{12CCF067-4141-4EB1-9548-F4B93CAF4BC6}.Debug|Any CPU.Build.0 = Debug|Any CPU
		{12CCF067-4141-4EB1-9548-F4B93CAF4BC6}.Release|Any CPU.ActiveCfg = Release|Any CPU
		{12CCF067-4141-4EB1-9548-F4B93CAF4BC6}.Release|Any CPU.Build.0 = Release|Any CPU
		{CBF940D3-A003-49EB-B4EF-4B4C4439DE62}.Debug|Any CPU.ActiveCfg = Debug|Any CPU
		{CBF940D3-A003-49EB-B4EF-4B4C4439DE62}.Debug|Any CPU.Build.0 = Debug|Any CPU
		{CBF940D3-A003-49EB-B4EF-4B4C4439DE62}.Release|Any CPU.ActiveCfg = Release|Any CPU
		{CBF940D3-A003-49EB-B4EF-4B4C4439DE62}.Release|Any CPU.Build.0 = Release|Any CPU
		{2E212C3B-024D-4D13-87B2-A454179E24FC}.Debug|Any CPU.ActiveCfg = Debug|Any CPU
		{2E212C3B-024D-4D13-87B2-A454179E24FC}.Debug|Any CPU.Build.0 = Debug|Any CPU
		{2E212C3B-024D-4D13-87B2-A454179E24FC}.Release|Any CPU.ActiveCfg = Release|Any CPU
		{2E212C3B-024D-4D13-87B2-A454179E24FC}.Release|Any CPU.Build.0 = Release|Any CPU
		{3E54BAA0-BB5A-4CC5-9BF1-62BAED03E784}.Debug|Any CPU.ActiveCfg = Debug|Any CPU
		{3E54BAA0-BB5A-4CC5-9BF1-62BAED03E784}.Debug|Any CPU.Build.0 = Debug|Any CPU
		{3E54BAA0-BB5A-4CC5-9BF1-62BAED03E784}.Release|Any CPU.ActiveCfg = Release|Any CPU
		{3E54BAA0-BB5A-4CC5-9BF1-62BAED03E784}.Release|Any CPU.Build.0 = Release|Any CPU
		{97189557-05DB-4765-960B-F2F7ED086686}.Debug|Any CPU.ActiveCfg = Debug|Any CPU
		{97189557-05DB-4765-960B-F2F7ED086686}.Debug|Any CPU.Build.0 = Debug|Any CPU
		{97189557-05DB-4765-960B-F2F7ED086686}.Release|Any CPU.ActiveCfg = Release|Any CPU
		{97189557-05DB-4765-960B-F2F7ED086686}.Release|Any CPU.Build.0 = Release|Any CPU
		{2805B64B-AC37-4961-89F0-1C529FDE30B7}.Debug|Any CPU.ActiveCfg = Debug|Any CPU
		{2805B64B-AC37-4961-89F0-1C529FDE30B7}.Debug|Any CPU.Build.0 = Debug|Any CPU
		{2805B64B-AC37-4961-89F0-1C529FDE30B7}.Release|Any CPU.ActiveCfg = Release|Any CPU
		{2805B64B-AC37-4961-89F0-1C529FDE30B7}.Release|Any CPU.Build.0 = Release|Any CPU
		{9CC600F1-D72E-438C-8982-6F1A210D12D9}.Debug|Any CPU.ActiveCfg = Debug|Any CPU
		{9CC600F1-D72E-438C-8982-6F1A210D12D9}.Debug|Any CPU.Build.0 = Debug|Any CPU
		{9CC600F1-D72E-438C-8982-6F1A210D12D9}.Release|Any CPU.ActiveCfg = Release|Any CPU
		{9CC600F1-D72E-438C-8982-6F1A210D12D9}.Release|Any CPU.Build.0 = Release|Any CPU
		{9ED64C88-A757-4019-91FD-E8CE43ABB5F1}.Debug|Any CPU.ActiveCfg = Debug|Any CPU
		{9ED64C88-A757-4019-91FD-E8CE43ABB5F1}.Debug|Any CPU.Build.0 = Debug|Any CPU
		{9ED64C88-A757-4019-91FD-E8CE43ABB5F1}.Release|Any CPU.ActiveCfg = Release|Any CPU
		{9ED64C88-A757-4019-91FD-E8CE43ABB5F1}.Release|Any CPU.Build.0 = Release|Any CPU
		{29BBBF37-6114-4B05-B347-17B05204C808}.Debug|Any CPU.ActiveCfg = Debug|Any CPU
		{29BBBF37-6114-4B05-B347-17B05204C808}.Debug|Any CPU.Build.0 = Debug|Any CPU
		{29BBBF37-6114-4B05-B347-17B05204C808}.Release|Any CPU.ActiveCfg = Release|Any CPU
		{29BBBF37-6114-4B05-B347-17B05204C808}.Release|Any CPU.Build.0 = Release|Any CPU
		{CACACEED-57B5-4BD5-8A2A-E4089BF4417F}.Debug|Any CPU.ActiveCfg = Debug|Any CPU
		{CACACEED-57B5-4BD5-8A2A-E4089BF4417F}.Debug|Any CPU.Build.0 = Debug|Any CPU
		{CACACEED-57B5-4BD5-8A2A-E4089BF4417F}.Release|Any CPU.ActiveCfg = Release|Any CPU
		{CACACEED-57B5-4BD5-8A2A-E4089BF4417F}.Release|Any CPU.Build.0 = Release|Any CPU
		{7E30534C-DAE7-43D9-851E-52A18998472C}.Debug|Any CPU.ActiveCfg = Debug|Any CPU
		{7E30534C-DAE7-43D9-851E-52A18998472C}.Debug|Any CPU.Build.0 = Debug|Any CPU
		{7E30534C-DAE7-43D9-851E-52A18998472C}.Release|Any CPU.ActiveCfg = Release|Any CPU
		{7E30534C-DAE7-43D9-851E-52A18998472C}.Release|Any CPU.Build.0 = Release|Any CPU
		{3E878D8A-B794-42AE-9B6D-85BD92D4356C}.Debug|Any CPU.ActiveCfg = Debug|Any CPU
		{3E878D8A-B794-42AE-9B6D-85BD92D4356C}.Debug|Any CPU.Build.0 = Debug|Any CPU
		{3E878D8A-B794-42AE-9B6D-85BD92D4356C}.Release|Any CPU.ActiveCfg = Release|Any CPU
		{3E878D8A-B794-42AE-9B6D-85BD92D4356C}.Release|Any CPU.Build.0 = Release|Any CPU
		{48278559-8883-498D-BCD6-F19946288C8E}.Debug|Any CPU.ActiveCfg = Debug|Any CPU
		{48278559-8883-498D-BCD6-F19946288C8E}.Debug|Any CPU.Build.0 = Debug|Any CPU
		{48278559-8883-498D-BCD6-F19946288C8E}.Release|Any CPU.ActiveCfg = Release|Any CPU
		{48278559-8883-498D-BCD6-F19946288C8E}.Release|Any CPU.Build.0 = Release|Any CPU
	EndGlobalSection
	GlobalSection(SolutionProperties) = preSolution
		HideSolutionNode = FALSE
	EndGlobalSection
EndGlobal
